
Microsoft Visual Studio Solution File, Format Version 12.00
# Visual Studio Version 16
VisualStudioVersion = 16.0.30011.22
MinimumVisualStudioVersion = 10.0.40219.1
Project("{FAE04EC0-301F-11D3-BF4B-00C04F79EFBC}") = "WebsiteMVC", "WebsiteMVC\WebsiteMVC.csproj", "{38ECC020-7A43-4AF4-B864-11211E3A9183}"
EndProject
Global
	GlobalSection(SolutionConfigurationPlatforms) = preSolution
		Debug|Any CPU = Debug|Any CPU
		Release|Any CPU = Release|Any CPU
	EndGlobalSection
	GlobalSection(ProjectConfigurationPlatforms) = postSolution
		{38ECC020-7A43-4AF4-B864-11211E3A9183}.Debug|Any CPU.ActiveCfg = Debug|Any CPU
		{38ECC020-7A43-4AF4-B864-11211E3A9183}.Debug|Any CPU.Build.0 = Debug|Any CPU
		{38ECC020-7A43-4AF4-B864-11211E3A9183}.Release|Any CPU.ActiveCfg = Release|Any CPU
		{38ECC020-7A43-4AF4-B864-11211E3A9183}.Release|Any CPU.Build.0 = Release|Any CPU
	EndGlobalSection
	GlobalSection(SolutionProperties) = preSolution
		HideSolutionNode = FALSE
	EndGlobalSection
	GlobalSection(ExtensibilityGlobals) = postSolution
		SolutionGuid = {B85F0276-BD01-47A6-AD9C-E877101970F0}
	EndGlobalSection
EndGlobal
